
Microsoft Visual Studio Solution File, Format Version 12.00
# Visual Studio 15
VisualStudioVersion = 15.0.28010.2003
MinimumVisualStudioVersion = 10.0.40219.1
Project("{FAE04EC0-301F-11D3-BF4B-00C04F79EFBC}") = "IEnumrable -question", "IEnumrable -question\IEnumrable -question.csproj", "{A95736FC-C6B9-4C73-86FB-7FB1A13F4708}"
EndProject
Global
	GlobalSection(SolutionConfigurationPlatforms) = preSolution
		Debug|Any CPU = Debug|Any CPU
		Release|Any CPU = Release|Any CPU
	EndGlobalSection
	GlobalSection(ProjectConfigurationPlatforms) = postSolution
		{A95736FC-C6B9-4C73-86FB-7FB1A13F4708}.Debug|Any CPU.ActiveCfg = Debug|Any CPU
		{A95736FC-C6B9-4C73-86FB-7FB1A13F4708}.Debug|Any CPU.Build.0 = Debug|Any CPU
		{A95736FC-C6B9-4C73-86FB-7FB1A13F4708}.Release|Any CPU.ActiveCfg = Release|Any CPU
		{A95736FC-C6B9-4C73-86FB-7FB1A13F4708}.Release|Any CPU.Build.0 = Release|Any CPU
	EndGlobalSection
	GlobalSection(SolutionProperties) = preSolution
		HideSolutionNode = FALSE
	EndGlobalSection
	GlobalSection(ExtensibilityGlobals) = postSolution
		SolutionGuid = {24DB97AC-1C87-4220-9168-F75A0EDCC2E6}
	EndGlobalSection
EndGlobal
