
Microsoft Visual Studio Solution File, Format Version 12.00
# Visual Studio 15
VisualStudioVersion = 15.0.28010.2003
MinimumVisualStudioVersion = 10.0.40219.1
Project("{FAE04EC0-301F-11D3-BF4B-00C04F79EFBC}") = "1-palinrome2-faraji", "..\1-palinrome2-faraji\1-palinrome2-faraji\1-palinrome2-faraji.csproj", "{2867A690-FD91-48AA-8D04-0E1A919306C6}"
EndProject
Project("{FAE04EC0-301F-11D3-BF4B-00C04F79EFBC}") = "Delete Element at position array", "..\Delete Element at position array\Delete Element at position array\Delete Element at position array.csproj", "{2204E666-1019-452E-AE6F-A3F055E990A6}"
EndProject
Project("{FAE04EC0-301F-11D3-BF4B-00C04F79EFBC}") = "FrequencyofElementsofArray", "..\FrequencyofElementsofArray\FrequencyofElementsofArray\FrequencyofElementsofArray.csproj", "{1D84E06F-9702-4093-BA9E-94A6C98D33D1}"
EndProject
Project("{FAE04EC0-301F-11D3-BF4B-00C04F79EFBC}") = "PrimeNumberOrNot", "..\PrimeNumberOrNot\PrimeNumberOrNot\PrimeNumberOrNot.csproj", "{11A835D4-D253-4ABF-B26B-3815BF2DBDEC}"
EndProject
Project("{FAE04EC0-301F-11D3-BF4B-00C04F79EFBC}") = "Reverse Words", "..\Reverse Words\Reverse Words\Reverse Words.csproj", "{A57F3528-8EDA-472D-BE5B-A9A989BA0788}"
EndProject
Project("{FAE04EC0-301F-11D3-BF4B-00C04F79EFBC}") = "reverseString-Parentheses", "..\reverseString-Parentheses\reverseString-Parentheses\reverseString-Parentheses.csproj", "{6ECAE5CE-D49B-4D8D-BB16-82E6F570A744}"
EndProject
Project("{FAE04EC0-301F-11D3-BF4B-00C04F79EFBC}") = "ReverseWordinString", "..\ReverseWordinString\ReverseWordinString\ReverseWordinString.csproj", "{FC908A10-E1CF-4A1D-9757-E49E13F3E10F}"
EndProject
Project("{FAE04EC0-301F-11D3-BF4B-00C04F79EFBC}") = "ReversString", "..\ReversString\ReversString\ReversString.csproj", "{F28EC970-6E83-48FC-80E0-57D2B7258C80}"
EndProject
Project("{FAE04EC0-301F-11D3-BF4B-00C04F79EFBC}") = "Sphere-Surface and Volume", "..\Sphere-Surface and Volume\Sphere-Surface and Volume\Sphere-Surface and Volume.csproj", "{C7DAB901-68DE-4D6F-AB1D-421BAF0892B4}"
EndProject
Project("{FAE04EC0-301F-11D3-BF4B-00C04F79EFBC}") = "Total  Number of Duplicate", "..\Total  Number of Duplicate\Total  Number of Duplicate\Total  Number of Duplicate.csproj", "{E6E509ED-550A-411B-9BC5-A19B6BA9B1F7}"
EndProject
Global
	GlobalSection(SolutionConfigurationPlatforms) = preSolution
		Debug|Any CPU = Debug|Any CPU
		Release|Any CPU = Release|Any CPU
	EndGlobalSection
	GlobalSection(ProjectConfigurationPlatforms) = postSolution
		{2867A690-FD91-48AA-8D04-0E1A919306C6}.Debug|Any CPU.ActiveCfg = Debug|Any CPU
		{2867A690-FD91-48AA-8D04-0E1A919306C6}.Debug|Any CPU.Build.0 = Debug|Any CPU
		{2867A690-FD91-48AA-8D04-0E1A919306C6}.Release|Any CPU.ActiveCfg = Release|Any CPU
		{2867A690-FD91-48AA-8D04-0E1A919306C6}.Release|Any CPU.Build.0 = Release|Any CPU
		{2204E666-1019-452E-AE6F-A3F055E990A6}.Debug|Any CPU.ActiveCfg = Debug|Any CPU
		{2204E666-1019-452E-AE6F-A3F055E990A6}.Debug|Any CPU.Build.0 = Debug|Any CPU
		{2204E666-1019-452E-AE6F-A3F055E990A6}.Release|Any CPU.ActiveCfg = Release|Any CPU
		{2204E666-1019-452E-AE6F-A3F055E990A6}.Release|Any CPU.Build.0 = Release|Any CPU
		{1D84E06F-9702-4093-BA9E-94A6C98D33D1}.Debug|Any CPU.ActiveCfg = Debug|Any CPU
		{1D84E06F-9702-4093-BA9E-94A6C98D33D1}.Debug|Any CPU.Build.0 = Debug|Any CPU
		{1D84E06F-9702-4093-BA9E-94A6C98D33D1}.Release|Any CPU.ActiveCfg = Release|Any CPU
		{1D84E06F-9702-4093-BA9E-94A6C98D33D1}.Release|Any CPU.Build.0 = Release|Any CPU
		{11A835D4-D253-4ABF-B26B-3815BF2DBDEC}.Debug|Any CPU.ActiveCfg = Debug|Any CPU
		{11A835D4-D253-4ABF-B26B-3815BF2DBDEC}.Debug|Any CPU.Build.0 = Debug|Any CPU
		{11A835D4-D253-4ABF-B26B-3815BF2DBDEC}.Release|Any CPU.ActiveCfg = Release|Any CPU
		{11A835D4-D253-4ABF-B26B-3815BF2DBDEC}.Release|Any CPU.Build.0 = Release|Any CPU
		{A57F3528-8EDA-472D-BE5B-A9A989BA0788}.Debug|Any CPU.ActiveCfg = Debug|Any CPU
		{A57F3528-8EDA-472D-BE5B-A9A989BA0788}.Debug|Any CPU.Build.0 = Debug|Any CPU
		{A57F3528-8EDA-472D-BE5B-A9A989BA0788}.Release|Any CPU.ActiveCfg = Release|Any CPU
		{A57F3528-8EDA-472D-BE5B-A9A989BA0788}.Release|Any CPU.Build.0 = Release|Any CPU
		{6ECAE5CE-D49B-4D8D-BB16-82E6F570A744}.Debug|Any CPU.ActiveCfg = Debug|Any CPU
		{6ECAE5CE-D49B-4D8D-BB16-82E6F570A744}.Debug|Any CPU.Build.0 = Debug|Any CPU
		{6ECAE5CE-D49B-4D8D-BB16-82E6F570A744}.Release|Any CPU.ActiveCfg = Release|Any CPU
		{6ECAE5CE-D49B-4D8D-BB16-82E6F570A744}.Release|Any CPU.Build.0 = Release|Any CPU
		{FC908A10-E1CF-4A1D-9757-E49E13F3E10F}.Debug|Any CPU.ActiveCfg = Debug|Any CPU
		{FC908A10-E1CF-4A1D-9757-E49E13F3E10F}.Debug|Any CPU.Build.0 = Debug|Any CPU
		{FC908A10-E1CF-4A1D-9757-E49E13F3E10F}.Release|Any CPU.ActiveCfg = Release|Any CPU
		{FC908A10-E1CF-4A1D-9757-E49E13F3E10F}.Release|Any CPU.Build.0 = Release|Any CPU
		{F28EC970-6E83-48FC-80E0-57D2B7258C80}.Debug|Any CPU.ActiveCfg = Debug|Any CPU
		{F28EC970-6E83-48FC-80E0-57D2B7258C80}.Debug|Any CPU.Build.0 = Debug|Any CPU
		{F28EC970-6E83-48FC-80E0-57D2B7258C80}.Release|Any CPU.ActiveCfg = Release|Any CPU
		{F28EC970-6E83-48FC-80E0-57D2B7258C80}.Release|Any CPU.Build.0 = Release|Any CPU
		{C7DAB901-68DE-4D6F-AB1D-421BAF0892B4}.Debug|Any CPU.ActiveCfg = Debug|Any CPU
		{C7DAB901-68DE-4D6F-AB1D-421BAF0892B4}.Debug|Any CPU.Build.0 = Debug|Any CPU
		{C7DAB901-68DE-4D6F-AB1D-421BAF0892B4}.Release|Any CPU.ActiveCfg = Release|Any CPU
		{C7DAB901-68DE-4D6F-AB1D-421BAF0892B4}.Release|Any CPU.Build.0 = Release|Any CPU
		{E6E509ED-550A-411B-9BC5-A19B6BA9B1F7}.Debug|Any CPU.ActiveCfg = Debug|Any CPU
		{E6E509ED-550A-411B-9BC5-A19B6BA9B1F7}.Debug|Any CPU.Build.0 = Debug|Any CPU
		{E6E509ED-550A-411B-9BC5-A19B6BA9B1F7}.Release|Any CPU.ActiveCfg = Release|Any CPU
		{E6E509ED-550A-411B-9BC5-A19B6BA9B1F7}.Release|Any CPU.Build.0 = Release|Any CPU
	EndGlobalSection
	GlobalSection(SolutionProperties) = preSolution
		HideSolutionNode = FALSE
	EndGlobalSection
	GlobalSection(ExtensibilityGlobals) = postSolution
		SolutionGuid = {D3F0BE08-C04A-49CF-BEB8-3BB70D9FA55A}
	EndGlobalSection
EndGlobal
